
Microsoft Visual Studio Solution File, Format Version 12.00
# Visual Studio 15
VisualStudioVersion = 15.0.28307.168
MinimumVisualStudioVersion = 10.0.40219.1
Project("{9A19103F-16F7-4668-BE54-9A1E7A4F7556}") = "rueppellii-lvlup-asp.net-core", "rueppellii-lvlup-asp.net-core\rueppellii-lvlup-asp.net-core.csproj", "{9B1ECEFB-5787-4D28-BAFE-EB58EEE1B5EB}"
<<<<<<< HEAD
=======
EndProject
Project("{FAE04EC0-301F-11D3-BF4B-00C04F79EFBC}") = "rueppellii-lvlup-asp.net-core.IntegrationTests", "rueppellii-lvlup-asp.net-core.IntegrationTests\rueppellii-lvlup-asp.net-core.IntegrationTests.csproj", "{B57A7389-0738-4007-8995-685FD70D5E46}"
>>>>>>> 61fa3c58b95da3c4afabd5a5042ede5f306a3ca7
EndProject
Global
	GlobalSection(SolutionConfigurationPlatforms) = preSolution
		Debug|Any CPU = Debug|Any CPU
		Release|Any CPU = Release|Any CPU
	EndGlobalSection
	GlobalSection(ProjectConfigurationPlatforms) = postSolution
		{9B1ECEFB-5787-4D28-BAFE-EB58EEE1B5EB}.Debug|Any CPU.ActiveCfg = Debug|Any CPU
		{9B1ECEFB-5787-4D28-BAFE-EB58EEE1B5EB}.Debug|Any CPU.Build.0 = Debug|Any CPU
		{9B1ECEFB-5787-4D28-BAFE-EB58EEE1B5EB}.Release|Any CPU.ActiveCfg = Release|Any CPU
		{9B1ECEFB-5787-4D28-BAFE-EB58EEE1B5EB}.Release|Any CPU.Build.0 = Release|Any CPU
		{B57A7389-0738-4007-8995-685FD70D5E46}.Debug|Any CPU.ActiveCfg = Debug|Any CPU
		{B57A7389-0738-4007-8995-685FD70D5E46}.Debug|Any CPU.Build.0 = Debug|Any CPU
		{B57A7389-0738-4007-8995-685FD70D5E46}.Release|Any CPU.ActiveCfg = Release|Any CPU
		{B57A7389-0738-4007-8995-685FD70D5E46}.Release|Any CPU.Build.0 = Release|Any CPU
	EndGlobalSection
	GlobalSection(SolutionProperties) = preSolution
		HideSolutionNode = FALSE
	EndGlobalSection
	GlobalSection(ExtensibilityGlobals) = postSolution
		SolutionGuid = {35DAAAA1-0089-4E90-9ADB-4D6492E22F9A}
	EndGlobalSection
EndGlobal
